
Microsoft Visual Studio Solution File, Format Version 12.00
# Visual Studio 15
VisualStudioVersion = 15.0.26730.15
MinimumVisualStudioVersion = 10.0.40219.1
Project("{FAE04EC0-301F-11D3-BF4B-00C04F79EFBC}") = "ContosoUniversity", "ContosoUniversity\ContosoUniversity.csproj", "{C06D208D-19BE-4608-A56B-FC4B938264B2}"
EndProject
Global
	GlobalSection(SolutionConfigurationPlatforms) = preSolution
		Debug|Any CPU = Debug|Any CPU
		Release|Any CPU = Release|Any CPU
	EndGlobalSection
	GlobalSection(ProjectConfigurationPlatforms) = postSolution
		{C06D208D-19BE-4608-A56B-FC4B938264B2}.Debug|Any CPU.ActiveCfg = Debug|Any CPU
		{C06D208D-19BE-4608-A56B-FC4B938264B2}.Debug|Any CPU.Build.0 = Debug|Any CPU
		{C06D208D-19BE-4608-A56B-FC4B938264B2}.Release|Any CPU.ActiveCfg = Release|Any CPU
		{C06D208D-19BE-4608-A56B-FC4B938264B2}.Release|Any CPU.Build.0 = Release|Any CPU
	EndGlobalSection
	GlobalSection(SolutionProperties) = preSolution
		HideSolutionNode = FALSE
	EndGlobalSection
	GlobalSection(ExtensibilityGlobals) = postSolution
		SolutionGuid = {04DC2B8A-E998-4536-8B34-11EA3D5459D2}
	EndGlobalSection
EndGlobal
